{
  "nodes": {
    "flake-compat": {
      "flake": false,
      "locked": {
        "lastModified": 1673956053,
        "narHash": "sha256-4gtG9iQuiKITOjNQQeQIpoIB6b16fm+504Ch3sNKLd8=",
        "owner": "edolstra",
        "repo": "flake-compat",
        "rev": "35bb57c0c8d8b62bbfd284272c928ceb64ddbde9",
        "type": "github"
      },
      "original": {
        "owner": "edolstra",
        "repo": "flake-compat",
        "type": "github"
      }
    },
    "flake-utils": {
      "inputs": {
        "systems": "systems"
      },
      "locked": {
        "lastModified": 1681202837,
        "narHash": "sha256-H+Rh19JDwRtpVPAWp64F+rlEtxUWBAQW28eAi3SRSzg=",
        "owner": "numtide",
        "repo": "flake-utils",
        "rev": "cfacdce06f30d2b68473a46042957675eebb3401",
        "type": "github"
      },
      "original": {
        "owner": "numtide",
        "repo": "flake-utils",
        "type": "github"
      }
    },
    "home-manager": {
      "inputs": {
        "nixpkgs": [
          "nixpkgs"
        ]
      },
      "locked": {
        "lastModified": 1705659542,
        "narHash": "sha256-WA3xVfAk1AYmFdwghT7mt/erYpsU6JPu9mdTEP/e9HQ=",
        "owner": "nix-community",
        "repo": "home-manager",
        "rev": "10cd9c53115061aa6a0a90aad0b0dde6a999cdb9",
        "type": "github"
      },
      "original": {
        "owner": "nix-community",
        "ref": "release-23.11",
        "repo": "home-manager",
        "type": "github"
      }
    },
    "nix-vscode-extensions": {
      "inputs": {
        "flake-compat": "flake-compat",
        "flake-utils": "flake-utils",
        "nixpkgs": [
          "nixpkgs-unstable"
        ]
      },
      "locked": {
        "lastModified": 1705713606,
        "narHash": "sha256-8VYBrwOxaofT+GAxQ5Z1wYF22KHOPwTrfliDTuOrNEc=",
        "owner": "nix-community",
        "repo": "nix-vscode-extensions",
        "rev": "8430e52a88282c7295c409ba315f6e0967403f39",
        "type": "github"
      },
      "original": {
        "owner": "nix-community",
        "repo": "nix-vscode-extensions",
        "type": "github"
      }
    },
    "nixos-hardware": {
      "locked": {
        "lastModified": 1705312285,
        "narHash": "sha256-rd+dY+v61Y8w3u9bukO/hB55Xl4wXv4/yC8rCGVnK5U=",
        "owner": "NixOS",
        "repo": "nixos-hardware",
        "rev": "bee2202bec57e521e3bd8acd526884b9767d7fa0",
        "type": "github"
      },
      "original": {
        "owner": "NixOS",
        "ref": "master",
        "repo": "nixos-hardware",
        "type": "github"
      }
    },
    "nixpkgs": {
      "locked": {
        "lastModified": 1705641746,
        "narHash": "sha256-D6c2aH8HQbWc7ZWSV0BUpFpd94ImFyCP8jFIsKQ4Slg=",
        "owner": "NixOS",
        "repo": "nixpkgs",
        "rev": "d2003f2223cbb8cd95134e4a0541beea215c1073",
        "type": "github"
      },
      "original": {
        "owner": "NixOS",
        "ref": "nixos-23.11",
        "repo": "nixpkgs",
        "type": "github"
      }
    },
    "nixpkgs-master": {
      "locked": {
        "lastModified": 1705730514,
        "narHash": "sha256-H2m2zREu+vSFp4buD/avrX2IksMzb5222pzQSbk0bmw=",
        "owner": "NixOS",
        "repo": "nixpkgs",
        "rev": "88cf28f2dd4130e711b2b086a2fda8e0b0eda066",
        "type": "github"
      },
      "original": {
        "owner": "NixOS",
        "ref": "master",
        "repo": "nixpkgs",
        "type": "github"
      }
    },
    "nixpkgs-unstable": {
      "locked": {
        "lastModified": 1705496572,
        "narHash": "sha256-rPIe9G5EBLXdBdn9ilGc0nq082lzQd0xGGe092R/5QE=",
        "owner": "NixOS",
        "repo": "nixpkgs",
        "rev": "842d9d80cfd4560648c785f8a4e6f3b096790e19",
        "type": "github"
      },
      "original": {
        "owner": "NixOS",
        "ref": "nixos-unstable",
        "repo": "nixpkgs",
        "type": "github"
      }
    },
    "plasma-manager": {
      "inputs": {
        "home-manager": [
          "home-manager"
        ],
        "nixpkgs": [
          "nixpkgs"
        ]
      },
      "locked": {
        "lastModified": 1705257805,
        "narHash": "sha256-hx88TjxRWR9hEYrePm2aR/rKAu4VFx4irgN7AofE0Wg=",
        "owner": "pjones",
        "repo": "plasma-manager",
        "rev": "87ca0e29c6fccfb7f09be6ff137716db5a7c8d8f",
        "type": "github"
      },
      "original": {
        "owner": "pjones",
        "repo": "plasma-manager",
        "type": "github"
      }
    },
    "root": {
      "inputs": {
        "home-manager": "home-manager",
        "nix-vscode-extensions": "nix-vscode-extensions",
        "nixos-hardware": "nixos-hardware",
        "nixpkgs": "nixpkgs",
        "nixpkgs-master": "nixpkgs-master",
        "nixpkgs-unstable": "nixpkgs-unstable",
        "plasma-manager": "plasma-manager"
      }
    },
    "systems": {
      "locked": {
        "lastModified": 1681028828,
        "narHash": "sha256-Vy1rq5AaRuLzOxct8nz4T6wlgyUR7zLU309k9mBC768=",
        "owner": "nix-systems",
        "repo": "default",
        "rev": "da67096a3b9bf56a91d16901293e51ba5b49a27e",
        "type": "github"
      },
      "original": {
        "owner": "nix-systems",
        "repo": "default",
        "type": "github"
      }
    }
  },
  "root": "root",
  "version": 7
}
